#MicroXplorer Configuration settings - do not modify
CAD.formats=
CAD.pinconfig=
CAD.provider=
CORTEX_M33_NS.userName=CORTEX_M33
File.Version=6
GPDMA1.DESTINC_GPDMACH0=DMA_DINC_INCREMENTED
GPDMA1.DESTINC_GPDMACH1=DMA_DINC_INCREMENTED
GPDMA1.DIRECTION_GPDMACH2=DMA_MEMORY_TO_PERIPH
GPDMA1.DIRECTION_GPDMACH3=DMA_MEMORY_TO_PERIPH
GPDMA1.IPHANDLE_GPDMACH0-SIMPLEREQUEST_GPDMACH0=__NULL
GPDMA1.IPHANDLE_GPDMACH1-SIMPLEREQUEST_GPDMACH1=__NULL
GPDMA1.IPHANDLE_GPDMACH2-SIMPLEREQUEST_GPDMACH2=__NULL
GPDMA1.IPHANDLE_GPDMACH3-SIMPLEREQUEST_GPDMACH3=__NULL
GPDMA1.IPParameters=REQUEST_GPDMACH0,PRIORITY_GPDMACH0,DESTINC_GPDMACH0,REQUEST_GPDMACH2,SRCINC_GPDMACH2,IPHANDLE_GPDMACH2-SIMPLEREQUEST_GPDMACH2,IPHANDLE_GPDMACH0-SIMPLEREQUEST_GPDMACH0,IPHANDLE_GPDMACH1-SIMPLEREQUEST_GPDMACH1,REQUEST_GPDMACH1,PRIORITY_GPDMACH1,DESTINC_GPDMACH1,IPHANDLE_GPDMACH3-SIMPLEREQUEST_GPDMACH3,REQUEST_GPDMACH3,PRIORITY_GPDMACH3,DIRECTION_GPDMACH3,SRCINC_GPDMACH3,DIRECTION_GPDMACH2
GPDMA1.PRIORITY_GPDMACH0=DMA_LOW_PRIORITY_HIGH_WEIGHT
GPDMA1.PRIORITY_GPDMACH1=DMA_LOW_PRIORITY_MID_WEIGHT
GPDMA1.PRIORITY_GPDMACH3=DMA_LOW_PRIORITY_MID_WEIGHT
GPDMA1.REQUEST_GPDMACH0=GPDMA1_REQUEST_USART2_RX
GPDMA1.REQUEST_GPDMACH1=GPDMA1_REQUEST_SPI3_RX
GPDMA1.REQUEST_GPDMACH2=GPDMA1_REQUEST_SPI3_TX
GPDMA1.REQUEST_GPDMACH3=GPDMA1_REQUEST_SPI1_TX
GPDMA1.SRCINC_GPDMACH2=DMA_SINC_INCREMENTED
GPDMA1.SRCINC_GPDMACH3=DMA_SINC_INCREMENTED
GPIO.groupedBy=Group By Peripherals
I2C1.I2C_Speed_Mode=I2C_Fast
I2C1.IPParameters=Timing,I2C_Speed_Mode
I2C1.Timing=0x00F07BFF
KeepUserPlacement=false
MMTAppReg1.MEMORYMAP.AP=RW_priv_only
MMTAppReg1.MEMORYMAP.AppRegionName=RAM
MMTAppReg1.MEMORYMAP.ContextName=CortexM33
MMTAppReg1.MEMORYMAP.CoreName=ARM Cortex-M33
MMTAppReg1.MEMORYMAP.DefaultDataRegion=true
MMTAppReg1.MEMORYMAP.IPParameters=StartAddress,Size,CoreName,DefaultDataRegion,ContextName,Name,AP
MMTAppReg1.MEMORYMAP.Name=RAM
MMTAppReg1.MEMORYMAP.Size=786432
MMTAppReg1.MEMORYMAP.StartAddress=0x20000000
MMTAppReg2.MEMORYMAP.AppRegionName=RAM Reserved Alias Region
MMTAppReg2.MEMORYMAP.CoreName=ARM Cortex-M33
MMTAppReg2.MEMORYMAP.DefaultDataRegion=false
MMTAppReg2.MEMORYMAP.IPParameters=StartAddress,Size,CoreName,DefaultDataRegion,ReservedRegion,Name
MMTAppReg2.MEMORYMAP.Name=RAM Reserved Alias Region
MMTAppReg2.MEMORYMAP.ReservedRegion=true
MMTAppReg2.MEMORYMAP.Size=786432
MMTAppReg2.MEMORYMAP.StartAddress=0x0A000000
MMTAppReg3.MEMORYMAP.AP=RO_priv_only
MMTAppReg3.MEMORYMAP.AppRegionName=FLASH
MMTAppReg3.MEMORYMAP.Cacheability=WTRA
MMTAppReg3.MEMORYMAP.ContextName=CortexM33
MMTAppReg3.MEMORYMAP.CoreName=ARM Cortex-M33
MMTAppReg3.MEMORYMAP.DefaultCodeRegion=true
MMTAppReg3.MEMORYMAP.DefaultDataRegion=false
MMTAppReg3.MEMORYMAP.IPParameters=StartAddress,Size,CoreName,DefaultDataRegion,MemType,ContextName,Name,AP,Cacheability,DefaultCodeRegion
MMTAppReg3.MEMORYMAP.MemType=ROM
MMTAppReg3.MEMORYMAP.Name=FLASH
MMTAppReg3.MEMORYMAP.Size=1048576
MMTAppReg3.MEMORYMAP.StartAddress=0x08000000
MMTAppRegionsCount=3
MMTConfigApplied=false
Mcu.CPN=STM32U575VGT6
Mcu.ContextProject=TrustZoneDisabled
Mcu.Family=STM32U5
Mcu.IP0=CORTEX_M33_NS
Mcu.IP1=CRC
Mcu.IP10=NVIC
Mcu.IP11=OCTOSPI1
Mcu.IP12=PWR
Mcu.IP13=RCC
Mcu.IP14=RNG
Mcu.IP15=RTC
Mcu.IP16=SPI1
Mcu.IP17=SPI3
Mcu.IP18=SYS
Mcu.IP19=THREADX
Mcu.IP2=DCACHE1
Mcu.IP20=TIM2
Mcu.IP21=USART2
Mcu.IP22=USB_OTG_FS
Mcu.IP3=DEBUG
Mcu.IP4=GPDMA1
Mcu.IP5=I2C1
Mcu.IP6=ICACHE
Mcu.IP7=LPBAM
Mcu.IP8=LPBAMQUEUE
Mcu.IP9=MEMORYMAP
Mcu.IPNb=23
Mcu.Name=STM32U575VGTx
Mcu.Package=LQFP100
Mcu.Pin0=PE2
Mcu.Pin1=PE3
Mcu.Pin10=PA2
Mcu.Pin11=PA3
Mcu.Pin12=PA4
Mcu.Pin13=PA5
Mcu.Pin14=PA6
Mcu.Pin15=PA7
Mcu.Pin16=PC4
Mcu.Pin17=PC5
Mcu.Pin18=PB0
Mcu.Pin19=PB1
Mcu.Pin2=PE4
Mcu.Pin20=PE7
Mcu.Pin21=PE10
Mcu.Pin22=PE11
Mcu.Pin23=PE13
Mcu.Pin24=PE14
Mcu.Pin25=PE15
Mcu.Pin26=PB10
Mcu.Pin27=PB12
Mcu.Pin28=PB15
Mcu.Pin29=PD10
Mcu.Pin3=PE5
Mcu.Pin30=PD11
Mcu.Pin31=PD12
Mcu.Pin32=PC6
Mcu.Pin33=PC7
Mcu.Pin34=PC8
Mcu.Pin35=PC9
Mcu.Pin36=PA11
Mcu.Pin37=PA12
Mcu.Pin38=PA13 (JTMS/SWDIO)
Mcu.Pin39=PA14 (JTCK/SWCLK)
Mcu.Pin4=PE6
Mcu.Pin40=PA15 (JTDI)
Mcu.Pin41=PC10
Mcu.Pin42=PC11
Mcu.Pin43=PC12
Mcu.Pin44=PD0
Mcu.Pin45=PD1
Mcu.Pin46=PD3
Mcu.Pin47=PD4
Mcu.Pin48=PD5
Mcu.Pin49=PD6
Mcu.Pin5=PC14-OSC32_IN (PC14)
Mcu.Pin50=PD7
Mcu.Pin51=PB3 (JTDO/TRACESWO)
Mcu.Pin52=PB4 (NJTRST)
Mcu.Pin53=PB6
Mcu.Pin54=PB7
Mcu.Pin55=PE0
Mcu.Pin56=PE1
Mcu.Pin57=VP_CRC_VS_CRC
Mcu.Pin58=VP_DCACHE1_VS_DCACHE
Mcu.Pin59=VP_GPDMA1_VS_GPDMACH0
Mcu.Pin6=PC15-OSC32_OUT (PC15)
Mcu.Pin60=VP_GPDMA1_VS_GPDMACH1
Mcu.Pin61=VP_GPDMA1_VS_GPDMACH2
Mcu.Pin62=VP_GPDMA1_VS_GPDMACH3
Mcu.Pin63=VP_ICACHE_VS_ICACHE
Mcu.Pin64=VP_ICACHE_VS_ENABLE_ICACHE_MEMORY
Mcu.Pin65=VP_LPBAMQUEUE_VS_QUEUE
Mcu.Pin66=VP_OCTOSPI1_VS_quad
Mcu.Pin67=VP_PWR_VS_SECSignals
Mcu.Pin68=VP_RNG_VS_RNG
Mcu.Pin69=VP_RTC_VS_RTC_Activate
Mcu.Pin7=PH0-OSC_IN (PH0)
Mcu.Pin70=VP_RTC_VS_RTC_Calendar
Mcu.Pin71=VP_RTC_VS_RTC_Alarm_A_Intern
Mcu.Pin72=VP_SYS_VS_tim6
Mcu.Pin73=VP_THREADX_VS_RTOSJjThreadXJjCoreJjDefault
Mcu.Pin74=VP_TIM2_VS_ClockSourceINT
Mcu.Pin75=VP_TIM2_VS_no_output1
Mcu.Pin76=VP_TIM2_VS_no_output2
Mcu.Pin77=VP_LPBAM_VS_SIG1
Mcu.Pin78=VP_LPBAM_VS_SIG4
Mcu.Pin79=VP_MEMORYMAP_VS_MEMORYMAP
Mcu.Pin8=PH1-OSC_OUT (PH1)
Mcu.Pin9=PC2
Mcu.PinsNb=80
Mcu.ThirdPartyNb=0
Mcu.UserConstants=
Mcu.UserName=STM32U575VGTx
MxCube.Version=6.15.0
MxDb.Version=DB.6.0.150
NVIC.BusFault_IRQn=true\:0\:0\:false\:false\:true\:false\:false\:false\:false
NVIC.DebugMonitor_IRQn=true\:0\:0\:false\:false\:true\:false\:false\:false\:false
NVIC.EXTI11_IRQn=true\:2\:0\:true\:false\:true\:false\:true\:true\:true
NVIC.EXTI5_IRQn=true\:0\:0\:false\:false\:true\:false\:true\:true\:true
NVIC.EXTI7_IRQn=true\:1\:0\:true\:false\:true\:false\:true\:true\:true
NVIC.EXTI8_IRQn=true\:1\:0\:true\:false\:true\:false\:true\:true\:true
NVIC.ForceEnableDMAVector=true
NVIC.GPDMA1_Channel0_IRQn=true\:0\:0\:false\:false\:true\:true\:false\:true\:true
NVIC.GPDMA1_Channel1_IRQn=true\:0\:0\:false\:false\:true\:true\:false\:true\:true
NVIC.GPDMA1_Channel2_IRQn=true\:0\:0\:false\:false\:true\:true\:false\:true\:true
NVIC.GPDMA1_Channel3_IRQn=true\:0\:0\:false\:false\:true\:true\:false\:true\:true
NVIC.HardFault_IRQn=true\:0\:0\:false\:false\:true\:false\:false\:false\:false
NVIC.MemoryManagement_IRQn=true\:0\:0\:false\:false\:true\:false\:false\:false\:false
NVIC.NonMaskableInt_IRQn=true\:0\:0\:false\:false\:true\:false\:false\:false\:false
NVIC.PendSV_IRQn=true\:0\:0\:false\:false\:false\:false\:false\:false\:false
NVIC.PriorityGroup=NVIC_PRIORITYGROUP_4
NVIC.RTC_IRQn=true\:0\:0\:false\:false\:true\:false\:true\:true\:true
NVIC.SPI1_IRQn=true\:0\:0\:false\:false\:true\:false\:false\:true\:true
NVIC.SPI3_IRQn=true\:0\:0\:false\:false\:true\:false\:true\:true\:true
NVIC.SVCall_IRQn=true\:0\:0\:false\:false\:false\:false\:false\:false\:false
NVIC.SavedPendsvIrqHandlerGenerated=true
NVIC.SavedSvcallIrqHandlerGenerated=true
NVIC.SavedSystickIrqHandlerGenerated=true
NVIC.SysTick_IRQn=true\:14\:0\:false\:false\:false\:false\:false\:true\:false
NVIC.TIM2_IRQn=true\:0\:0\:false\:false\:true\:false\:true\:true\:true
NVIC.TIM6_IRQn=true\:15\:0\:false\:false\:true\:false\:false\:true\:true
NVIC.TimeBase=TIM6_IRQn
NVIC.TimeBaseIP=TIM6
NVIC.USART2_IRQn=true\:0\:0\:false\:false\:true\:false\:true\:true\:true
NVIC.UsageFault_IRQn=true\:0\:0\:false\:false\:true\:false\:false\:false\:false
OCTOSPI1.ChipSelectHighTime=8
OCTOSPI1.ClockMode=HAL_OSPI_CLOCK_MODE_3
OCTOSPI1.ClockPrescaler=4
OCTOSPI1.DeviceSize=24
OCTOSPI1.IPParameters=DeviceSize,ChipSelectHighTime,ClockMode,ClockPrescaler,SampleShifting
OCTOSPI1.SampleShifting=HAL_OSPI_SAMPLE_SHIFTING_HALFCYCLE
PA11.Locked=true
PA11.Mode=Device_Only
PA11.Signal=USB_OTG_FS_DM
PA12.Locked=true
PA12.Mode=Device_Only
PA12.Signal=USB_OTG_FS_DP
PA13\ (JTMS/SWDIO).Mode=Trace_Asynchronous_SW
PA13\ (JTMS/SWDIO).Signal=DEBUG_JTMS-SWDIO
PA14\ (JTCK/SWCLK).Mode=Trace_Asynchronous_SW
PA14\ (JTCK/SWCLK).Signal=DEBUG_JTCK-SWCLK
PA15\ (JTDI).GPIOParameters=GPIO_Label
PA15\ (JTDI).GPIO_Label=PFAULT2
PA15\ (JTDI).Locked=true
PA15\ (JTDI).Signal=GPIO_Input
PA2.Locked=true
PA2.Mode=Asynchronous
PA2.Signal=USART2_TX
PA3.Locked=true
PA3.Mode=Asynchronous
PA3.Signal=USART2_RX
PA4.GPIOParameters=GPIO_Label
PA4.GPIO_Label=GPS_RST
PA4.Locked=true
PA4.Signal=GPIO_Output
PA5.GPIOParameters=GPIO_Label
PA5.GPIO_Label=GPS_PPS
PA5.Locked=true
PA5.Signal=GPXTI5
PA6.Locked=true
PA6.Mode=OCTOSPI1_IOL_Port1L
PA6.Signal=OCTOSPIM_P1_IO3
PA7.Locked=true
PA7.Mode=OCTOSPI1_IOL_Port1L
PA7.Signal=OCTOSPIM_P1_IO2
PB0.Locked=true
PB0.Mode=OCTOSPI1_IOL_Port1L
PB0.Signal=OCTOSPIM_P1_IO1
PB1.Locked=true
PB1.Mode=OCTOSPI1_IOL_Port1L
PB1.Signal=OCTOSPIM_P1_IO0
PB10.GPIOParameters=GPIO_Speed,GPIO_Label
PB10.GPIO_Label=LCD_CS
PB10.GPIO_Speed=GPIO_SPEED_FREQ_VERY_HIGH
PB10.Locked=true
PB10.Signal=GPIO_Output
PB12.GPIOParameters=GPIO_Speed,GPIO_Label
PB12.GPIO_Label=LCD_RESET
PB12.GPIO_Speed=GPIO_SPEED_FREQ_VERY_HIGH
PB12.Locked=true
PB12.Signal=GPIO_Output
PB15.GPIOParameters=GPIO_PuPd,GPIO_Label
PB15.GPIO_Label=SIDE_BUTTON
PB15.GPIO_PuPd=GPIO_PULLDOWN
PB15.Locked=true
PB15.Signal=GPIO_Input
PB3\ (JTDO/TRACESWO).Mode=Trace_Asynchronous_SW
PB3\ (JTDO/TRACESWO).Signal=DEBUG_JTDO-SWO
PB4\ (NJTRST).GPIOParameters=GPIO_Label
PB4\ (NJTRST).GPIO_Label=SIDE_LED
PB4\ (NJTRST).Locked=true
PB4\ (NJTRST).Signal=GPIO_Output
PB6.Locked=true
PB6.Mode=I2C
PB6.Signal=I2C1_SCL
PB7.Locked=true
PB7.Mode=I2C
PB7.Signal=I2C1_SDA
PC10.Locked=true
PC10.Mode=Full_Duplex_Master
PC10.Signal=SPI3_SCK
PC11.Locked=true
PC11.Mode=Full_Duplex_Master
PC11.Signal=SPI3_MISO
PC12.Locked=true
PC12.Mode=Full_Duplex_Master
PC12.Signal=SPI3_MOSI
PC14-OSC32_IN\ (PC14).Mode=LSE-External-Oscillator
PC14-OSC32_IN\ (PC14).Signal=RCC_OSC32_IN
PC15-OSC32_OUT\ (PC15).Mode=LSE-External-Oscillator
PC15-OSC32_OUT\ (PC15).Signal=RCC_OSC32_OUT
PC2.GPIOParameters=GPIO_Speed,GPIO_Label
PC2.GPIO_Label=LED0
PC2.GPIO_Speed=GPIO_SPEED_FREQ_LOW
PC2.Locked=true
PC2.Signal=GPIO_Output
PC4.GPIOParameters=GPIO_Label
PC4.GPIO_Label=RF_CTRL1
PC4.Locked=true
PC4.Signal=GPIO_Output
PC5.GPIOParameters=GPIO_Label
PC5.GPIO_Label=RF_CTRL2
PC5.Locked=true
PC5.Signal=GPIO_Output
PC6.GPIOParameters=GPIO_Label
PC6.GPIO_Label=GPIO_RESET
PC6.Locked=true
PC6.Signal=GPIO_Output
PC7.GPIOParameters=GPIO_Label
PC7.GPIO_Label=GPIO_DATA_READY
PC7.Locked=true
PC7.Signal=GPXTI7
PC8.GPIOParameters=GPIO_Label
PC8.GPIO_Label=HANDSHAKE
PC8.Locked=true
PC8.Signal=GPXTI8
PC9.GPIOParameters=GPIO_Label
PC9.GPIO_Label=SPI_CS
PC9.Locked=true
PC9.Signal=GPIO_Output
PD0.GPIOParameters=GPIO_Label
PD0.GPIO_Label=PENABLE2
PD0.Locked=true
PD0.Signal=GPIO_Output
PD1.GPIOParameters=GPIO_Label
PD1.GPIO_Label=PFAULT1
PD1.Locked=true
PD1.Signal=GPIO_Input
PD10.GPIOParameters=GPIO_Label
PD10.GPIO_Label=PBOUT
PD10.Locked=true
PD10.Signal=GPIO_Input
PD11.GPIOParameters=GPIO_Label
PD11.GPIO_Label=INT
PD11.Locked=true
PD11.Signal=GPXTI11
PD12.GPIOParameters=GPIO_Label
PD12.GPIO_Label=PSHOLD
PD12.Locked=true
PD12.Signal=GPIO_Output
PD3.GPIOParameters=GPIO_Label
PD3.GPIO_Label=PENABLE1
PD3.Locked=true
PD3.Signal=GPIO_Output
PD4.GPIOParameters=GPIO_Label
PD4.GPIO_Label=SY_TX_EN
PD4.Locked=true
PD4.Signal=GPIO_Output
PD5.GPIOParameters=GPIO_Label
PD5.GPIO_Label=SY_RX_EN
PD5.Locked=true
PD5.Signal=GPIO_Output
PD6.GPIOParameters=GPIO_Label
PD6.GPIO_Label=SY_TXD
PD6.Locked=true
PD6.Signal=GPIO_Output
PD7.GPIOParameters=GPIO_Label
PD7.GPIO_Label=SY_RXD
PD7.Locked=true
PD7.Signal=GPIO_Input
PE0.GPIOParameters=GPIO_Label
PE0.GPIO_Label=LCD_LED
PE0.Locked=true
PE0.Signal=GPIO_Output
PE1.GPIOParameters=GPIO_Label
PE1.GPIO_Label=BUZZER
PE1.Locked=true
PE1.Signal=GPIO_Output
PE10.Locked=true
PE10.Mode=O1_P1_CLK
PE10.Signal=OCTOSPIM_P1_CLK
PE11.Locked=true
PE11.Mode=OCTOSPI1_Port1_NCS
PE11.Signal=OCTOSPIM_P1_NCS
PE13.GPIOParameters=GPIO_Label
PE13.GPIO_Label=LCD_SCK
PE13.Locked=true
PE13.Mode=TX_Only_Simplex_Unidirect_Master
PE13.Signal=SPI1_SCK
PE14.GPIOParameters=GPIO_Speed,GPIO_Label
PE14.GPIO_Label=LCD_DC
PE14.GPIO_Speed=GPIO_SPEED_FREQ_VERY_HIGH
PE14.Locked=true
PE14.Signal=GPIO_Output
PE15.GPIOParameters=GPIO_Label
PE15.GPIO_Label=LCD_MOSI
PE15.Locked=true
PE15.Mode=TX_Only_Simplex_Unidirect_Master
PE15.Signal=SPI1_MOSI
PE2.GPIOParameters=GPIO_Label
PE2.GPIO_Label=DB0
PE2.Locked=true
PE2.Signal=GPIO_Input
PE3.GPIOParameters=GPIO_Label
PE3.GPIO_Label=DB1
PE3.Locked=true
PE3.Signal=GPIO_Input
PE4.GPIOParameters=GPIO_Label
PE4.GPIO_Label=DB2
PE4.Locked=true
PE4.Signal=GPIO_Input
PE5.GPIOParameters=GPIO_Label
PE5.GPIO_Label=DB4
PE5.Locked=true
PE5.Signal=GPIO_Output
PE6.GPIOParameters=GPIO_Label
PE6.GPIO_Label=DB5
PE6.Locked=true
PE6.Signal=GPIO_Output
PE7.GPIOParameters=GPIO_PuPd,GPIO_Label
PE7.GPIO_Label=FREE_PIN17
PE7.GPIO_PuPd=GPIO_PULLUP
PE7.Locked=true
PE7.Signal=GPIO_Input
PH0-OSC_IN\ (PH0).Mode=HSE-External-Oscillator
PH0-OSC_IN\ (PH0).Signal=RCC_OSC_IN
PH1-OSC_OUT\ (PH1).Mode=HSE-External-Oscillator
PH1-OSC_OUT\ (PH1).Signal=RCC_OSC_OUT
PinOutPanel.RotationAngle=0
ProjectManager.AskForMigrate=true
ProjectManager.BackupPrevious=false
ProjectManager.CompilerLinker=GCC
ProjectManager.CompilerOptimize=6
ProjectManager.ComputerToolchain=false
ProjectManager.CoupleFile=true
ProjectManager.CustomerFirmwarePackage=
ProjectManager.DefaultFWLocation=true
ProjectManager.DeletePrevious=true
ProjectManager.DeviceId=STM32U575VGTx
ProjectManager.FirmwarePackage=STM32Cube FW_U5 V1.8.0
ProjectManager.FreePins=false
ProjectManager.HalAssertFull=false
ProjectManager.HeapSize=0x200
ProjectManager.KeepUserCode=true
ProjectManager.LPBAM.generateCode=
ProjectManager.LastFirmware=true
ProjectManager.LibraryCopy=1
ProjectManager.MainLocation=Core/Src
ProjectManager.NoMain=false
ProjectManager.PreviousToolchain=STM32CubeIDE
ProjectManager.ProjectBuild=false
ProjectManager.ProjectFileName=DataLogger.ioc
ProjectManager.ProjectName=DataLogger
ProjectManager.ProjectStructure=
ProjectManager.RegisterCallBack=RTC,SPI,TIM,UART
ProjectManager.StackSize=0x400
ProjectManager.TargetToolchain=STM32CubeIDE
ProjectManager.ToolChainLocation=
ProjectManager.UAScriptAfterPath=
ProjectManager.UAScriptBeforePath=
ProjectManager.UnderRoot=true
ProjectManager.functionlistsort=1-SystemClock_Config-RCC-false-HAL-false,2-MX_GPIO_Init-GPIO-false-HAL-true,3-MX_GPDMA1_Init-GPDMA1-false-HAL-true,4-MX_DCACHE1_Init-DCACHE1-false-HAL-true,5-MX_ICACHE_Init-ICACHE-false-HAL-true,6-MX_SPI1_Init-SPI1-true-HAL-true,7-MX_USART2_UART_Init-USART2-true-HAL-true,8-MX_OCTOSPI1_Init-OCTOSPI1-true-HAL-true,9-MX_SPI3_Init-SPI3-true-HAL-true,10-MX_RNG_Init-RNG-true-HAL-true,11-MX_CRC_Init-CRC-true-HAL-true,12-MX_RTC_Init-RTC-true-HAL-true,13-MX_USB_OTG_FS_PCD_Init-USB_OTG_FS-true-HAL-true,14-MX_I2C1_Init-I2C1-true-HAL-true,15-MX_TIM2_Init-TIM2-true-HAL-true,0-MX_CORTEX_M33_NS_Init-CORTEX_M33_NS-false-HAL-true,0-MX_PWR_Init-PWR-false-HAL-true
RCC.ADCFreq_Value=16000000
RCC.ADF1Freq_Value=160000000
RCC.AHBFreq_Value=160000000
RCC.APB1Freq_Value=160000000
RCC.APB1TimFreq_Value=160000000
RCC.APB2Freq_Value=160000000
RCC.APB2TimFreq_Value=160000000
RCC.APB3Freq_Value=160000000
RCC.CK48Freq_Value=48000000
RCC.CRSFreq_Value=48000000
RCC.CortexFreq_Value=160000000
RCC.DACFreq_Value=32000
RCC.EPOD_VALUE=8000000
RCC.FCLKCortexFreq_Value=160000000
RCC.FDCANFreq_Value=80000000
RCC.FamilyName=M
RCC.HCLKFreq_Value=160000000
RCC.HSE_Timout=500
RCC.HSE_VALUE=8000000
RCC.HSI48_VALUE=48000000
RCC.HSI_VALUE=16000000
RCC.I2C1Freq_Value=160000000
RCC.I2C2Freq_Value=160000000
RCC.I2C3Freq_Value=160000000
RCC.I2C4Freq_Value=160000000
RCC.IPParameters=ADCFreq_Value,ADF1Freq_Value,AHBFreq_Value,APB1Freq_Value,APB1TimFreq_Value,APB2Freq_Value,APB2TimFreq_Value,APB3Freq_Value,CK48Freq_Value,CRSFreq_Value,CortexFreq_Value,DACFreq_Value,EPOD_VALUE,FCLKCortexFreq_Value,FDCANFreq_Value,FamilyName,HCLKFreq_Value,HSE_Timout,HSE_VALUE,HSI48_VALUE,HSI_VALUE,I2C1Freq_Value,I2C2Freq_Value,I2C3Freq_Value,I2C4Freq_Value,LPTIM2Freq_Value,LPUART1Freq_Value,LSCOPinFreq_Value,LSE_Drive_Capability,LSE_Timout,LSIDIV_VALUE,LSI_VALUE,MCO1PinFreq_Value,MDF1Freq_Value,MSI_VALUE,OCTOSPIMFreq_Value,PLL1R,PLL2PoutputFreq_Value,PLL2QoutputFreq_Value,PLL2RoutputFreq_Value,PLL3PoutputFreq_Value,PLL3QoutputFreq_Value,PLL3RoutputFreq_Value,PLLFRACN,PLLN,PLLPoutputFreq_Value,PLLQoutputFreq_Value,PLLRCLKFreq_Value,PLLSourceVirtual,RNGFreq_Value,RTCClockSelection,RTCFreq_Value,SAI1Freq_Value,SAI2Freq_Value,SDMMCFreq_Value,SPI1Freq_Value,SPI2Freq_Value,SPI3Freq_Value,SYSCLKFreq_VALUE,SYSCLKSource,UART4Freq_Value,UART5Freq_Value,USART1Freq_Value,USART2Freq_Value,USART3Freq_Value,USBFreq_Value,VCOInput2Freq_Value,VCOInput3Freq_Value,VCOInputFreq_Value,VCOOutputFreq_Value,VCOPLL2OutputFreq_Value,VCOPLL3OutputFreq_Value
RCC.LPTIM2Freq_Value=160000000
RCC.LPUART1Freq_Value=160000000
RCC.LSCOPinFreq_Value=32000
RCC.LSE_Drive_Capability=RCC_LSEDRIVE_LOW
RCC.LSE_Timout=5000
RCC.LSIDIV_VALUE=32000
RCC.LSI_VALUE=32000
RCC.MCO1PinFreq_Value=160000000
RCC.MDF1Freq_Value=160000000
RCC.MSI_VALUE=4000000
RCC.OCTOSPIMFreq_Value=160000000
RCC.PLL1R=1
RCC.PLL2PoutputFreq_Value=258000000
RCC.PLL2QoutputFreq_Value=258000000
RCC.PLL2RoutputFreq_Value=258000000
RCC.PLL3PoutputFreq_Value=258000000
RCC.PLL3QoutputFreq_Value=258000000
RCC.PLL3RoutputFreq_Value=258000000
RCC.PLLFRACN=0
RCC.PLLN=20
RCC.PLLPoutputFreq_Value=80000000
RCC.PLLQoutputFreq_Value=80000000
RCC.PLLRCLKFreq_Value=160000000
RCC.PLLSourceVirtual=RCC_PLLSOURCE_HSE
RCC.RNGFreq_Value=48000000
RCC.RTCClockSelection=RCC_RTCCLKSOURCE_LSE
RCC.RTCFreq_Value=32768
RCC.SAI1Freq_Value=258000000
RCC.SAI2Freq_Value=258000000
RCC.SDMMCFreq_Value=80000000
RCC.SPI1Freq_Value=160000000
RCC.SPI2Freq_Value=160000000
RCC.SPI3Freq_Value=160000000
RCC.SYSCLKFreq_VALUE=160000000
RCC.SYSCLKSource=RCC_SYSCLKSOURCE_PLLCLK
RCC.UART4Freq_Value=160000000
RCC.UART5Freq_Value=160000000
RCC.USART1Freq_Value=160000000
RCC.USART2Freq_Value=160000000
RCC.USART3Freq_Value=160000000
RCC.USBFreq_Value=48000000
RCC.VCOInput2Freq_Value=4000000
RCC.VCOInput3Freq_Value=4000000
RCC.VCOInputFreq_Value=8000000
RCC.VCOOutputFreq_Value=160000000
RCC.VCOPLL2OutputFreq_Value=516000000
RCC.VCOPLL3OutputFreq_Value=516000000
RTC.Alarm-Alarm\ A=RTC_ALARM_A
RTC.BinMode=RTC_BINARY_NONE
RTC.IPParameters=Alarm-Alarm A,BinMode
SH.GPXTI11.0=GPIO_EXTI11
SH.GPXTI11.ConfNb=1
SH.GPXTI5.0=GPIO_EXTI5
SH.GPXTI5.ConfNb=1
SH.GPXTI7.0=GPIO_EXTI7
SH.GPXTI7.ConfNb=1
SH.GPXTI8.0=GPIO_EXTI8
SH.GPXTI8.ConfNb=1
SPI1.BaudRatePrescaler=SPI_BAUDRATEPRESCALER_16
SPI1.CalculateBaudRate=10.0 MBits/s
SPI1.DataSize=SPI_DATASIZE_8BIT
SPI1.Direction=SPI_DIRECTION_2LINES_TXONLY
SPI1.IPParameters=VirtualType,Mode,Direction,CalculateBaudRate,DataSize,BaudRatePrescaler
SPI1.Mode=SPI_MODE_MASTER
SPI1.VirtualType=VM_MASTER
SPI3.BaudRatePrescaler=SPI_BAUDRATEPRESCALER_16
SPI3.CLKPolarity=SPI_POLARITY_HIGH
SPI3.CalculateBaudRate=10.0 MBits/s
SPI3.Direction=SPI_DIRECTION_2LINES
SPI3.IPParameters=VirtualType,Mode,Direction,CalculateBaudRate,BaudRatePrescaler,CLKPolarity
SPI3.Mode=SPI_MODE_MASTER
SPI3.VirtualType=VM_MASTER
THREADX.IPParameters=TX_APP_MEM_POOL_SIZE,TX_APP_GENERATE_INIT_CODE
THREADX.TX_APP_GENERATE_INIT_CODE=false
THREADX.TX_APP_MEM_POOL_SIZE=1024*128
TIM2.Channel-Output\ Compare1\ No\ Output=TIM_CHANNEL_1
TIM2.Channel-Output\ Compare2\ No\ Output=TIM_CHANNEL_2
TIM2.IPParameters=Channel-Output Compare1 No Output,Channel-Output Compare2 No Output,Prescaler
TIM2.Prescaler=159
USART2.BaudRate=38400
USART2.IPParameters=VirtualMode-Asynchronous,BaudRate
USART2.VirtualMode-Asynchronous=VM_ASYNC
USB_OTG_FS.IPParameters=VirtualMode
USB_OTG_FS.VirtualMode=Device_Only
VP_CRC_VS_CRC.Mode=CRC_Activate
VP_CRC_VS_CRC.Signal=CRC_VS_CRC
VP_DCACHE1_VS_DCACHE.Mode=DCACHE_Activate
VP_DCACHE1_VS_DCACHE.Signal=DCACHE1_VS_DCACHE
VP_GPDMA1_VS_GPDMACH0.Mode=SIMPLEREQUEST_GPDMACH0
VP_GPDMA1_VS_GPDMACH0.Signal=GPDMA1_VS_GPDMACH0
VP_GPDMA1_VS_GPDMACH1.Mode=SIMPLEREQUEST_GPDMACH1
VP_GPDMA1_VS_GPDMACH1.Signal=GPDMA1_VS_GPDMACH1
VP_GPDMA1_VS_GPDMACH2.Mode=SIMPLEREQUEST_GPDMACH2
VP_GPDMA1_VS_GPDMACH2.Signal=GPDMA1_VS_GPDMACH2
VP_GPDMA1_VS_GPDMACH3.Mode=SIMPLEREQUEST_GPDMACH3
VP_GPDMA1_VS_GPDMACH3.Signal=GPDMA1_VS_GPDMACH3
VP_ICACHE_VS_ENABLE_ICACHE_MEMORY.Mode=Memoryregions
VP_ICACHE_VS_ENABLE_ICACHE_MEMORY.Signal=ICACHE_VS_ENABLE_ICACHE_MEMORY
VP_ICACHE_VS_ICACHE.Mode=DefaultMode
VP_ICACHE_VS_ICACHE.Signal=ICACHE_VS_ICACHE
VP_LPBAMQUEUE_VS_QUEUE.Mode=QUEUEMODE
VP_LPBAMQUEUE_VS_QUEUE.Signal=LPBAMQUEUE_VS_QUEUE
VP_LPBAM_VS_SIG1.Mode=SmartRun
VP_LPBAM_VS_SIG1.Signal=LPBAM_VS_SIG1
VP_LPBAM_VS_SIG4.Mode=LPDMA1
VP_LPBAM_VS_SIG4.Signal=LPBAM_VS_SIG4
VP_MEMORYMAP_VS_MEMORYMAP.Mode=CurAppReg
VP_MEMORYMAP_VS_MEMORYMAP.Signal=MEMORYMAP_VS_MEMORYMAP
VP_OCTOSPI1_VS_quad.Mode=quad_mode
VP_OCTOSPI1_VS_quad.Signal=OCTOSPI1_VS_quad
VP_PWR_VS_SECSignals.Mode=Security/Privilege
VP_PWR_VS_SECSignals.Signal=PWR_VS_SECSignals
VP_RNG_VS_RNG.Mode=RNG_Activate
VP_RNG_VS_RNG.Signal=RNG_VS_RNG
VP_RTC_VS_RTC_Activate.Mode=RTC_Enabled
VP_RTC_VS_RTC_Activate.Signal=RTC_VS_RTC_Activate
VP_RTC_VS_RTC_Alarm_A_Intern.Mode=Alarm A
VP_RTC_VS_RTC_Alarm_A_Intern.Signal=RTC_VS_RTC_Alarm_A_Intern
VP_RTC_VS_RTC_Calendar.Mode=RTC_Calendar
VP_RTC_VS_RTC_Calendar.Signal=RTC_VS_RTC_Calendar
VP_SYS_VS_tim6.Mode=TIM6
VP_SYS_VS_tim6.Signal=SYS_VS_tim6
VP_THREADX_VS_RTOSJjThreadXJjCoreJjDefault.Mode=Core_Default
VP_THREADX_VS_RTOSJjThreadXJjCoreJjDefault.Signal=THREADX_VS_RTOSJjThreadXJjCoreJjDefault
VP_TIM2_VS_ClockSourceINT.Mode=Internal
VP_TIM2_VS_ClockSourceINT.Signal=TIM2_VS_ClockSourceINT
VP_TIM2_VS_no_output1.Mode=Output Compare1 No Output
VP_TIM2_VS_no_output1.Signal=TIM2_VS_no_output1
VP_TIM2_VS_no_output2.Mode=Output Compare2 No Output
VP_TIM2_VS_no_output2.Signal=TIM2_VS_no_output2
board=custom
isbadioc=false
